
Microsoft Visual Studio Solution File, Format Version 12.00
# Visual Studio Version 17
VisualStudioVersion = 17.8.34322.80
MinimumVisualStudioVersion = 10.0.40219.1
Project("{9A19103F-16F7-4668-BE54-9A1E7A4F7556}") = "SomeChess", "SomeChess\SomeChess.csproj", "{E3E27B5B-365B-4A73-8291-EE622AF1DBFE}"
EndProject
Global
	GlobalSection(SolutionConfigurationPlatforms) = preSolution
		Debug|Any CPU = Debug|Any CPU
		Release|Any CPU = Release|Any CPU
	EndGlobalSection
	GlobalSection(ProjectConfigurationPlatforms) = postSolution
		{E3E27B5B-365B-4A73-8291-EE622AF1DBFE}.Debug|Any CPU.ActiveCfg = Debug|Any CPU
		{E3E27B5B-365B-4A73-8291-EE622AF1DBFE}.Debug|Any CPU.Build.0 = Debug|Any CPU
		{E3E27B5B-365B-4A73-8291-EE622AF1DBFE}.Release|Any CPU.ActiveCfg = Release|Any CPU
		{E3E27B5B-365B-4A73-8291-EE622AF1DBFE}.Release|Any CPU.Build.0 = Release|Any CPU
	EndGlobalSection
	GlobalSection(SolutionProperties) = preSolution
		HideSolutionNode = FALSE
	EndGlobalSection
	GlobalSection(ExtensibilityGlobals) = postSolution
		SolutionGuid = {49B2A2B8-DBC5-4B2E-9DF0-A3C70DB23612}
	EndGlobalSection
EndGlobal
