
Microsoft Visual Studio Solution File, Format Version 12.00
# Visual Studio Version 17
VisualStudioVersion = 17.5.002.0
MinimumVisualStudioVersion = 10.0.40219.1
Project("{9A19103F-16F7-4668-BE54-9A1E7A4F7556}") = "SomeChess", "SomeChess.csproj", "{9C82516E-F8F7-47AD-96C9-5E240D81392C}"
EndProject
Global
	GlobalSection(SolutionConfigurationPlatforms) = preSolution
		Debug|Any CPU = Debug|Any CPU
		Release|Any CPU = Release|Any CPU
	EndGlobalSection
	GlobalSection(ProjectConfigurationPlatforms) = postSolution
		{9C82516E-F8F7-47AD-96C9-5E240D81392C}.Debug|Any CPU.ActiveCfg = Debug|Any CPU
		{9C82516E-F8F7-47AD-96C9-5E240D81392C}.Debug|Any CPU.Build.0 = Debug|Any CPU
		{9C82516E-F8F7-47AD-96C9-5E240D81392C}.Release|Any CPU.ActiveCfg = Release|Any CPU
		{9C82516E-F8F7-47AD-96C9-5E240D81392C}.Release|Any CPU.Build.0 = Release|Any CPU
	EndGlobalSection
	GlobalSection(SolutionProperties) = preSolution
		HideSolutionNode = FALSE
	EndGlobalSection
	GlobalSection(ExtensibilityGlobals) = postSolution
		SolutionGuid = {278B5B90-985E-4387-8A07-B9E6D94B853B}
	EndGlobalSection
EndGlobal
